{
  "name": "nodejs14",
  "version": "1.0.0",
  "lockfileVersion": 2,
  "requires": true,
  "packages": {
    "": {
      "name": "nodejs14",
      "version": "1.0.0",
      "dependencies": {
        "get-primes": "^1.0.3"
      }
    },
    "node_modules/get-primes": {
      "version": "1.0.3",
      "resolved": "https://registry.npmjs.org/get-primes/-/get-primes-1.0.3.tgz",
      "integrity": "sha1-01Aal775XJNXHCDPFTI+bb5ea/w="
    }
  },
  "dependencies": {
    "get-primes": {
      "version": "1.0.3",
      "resolved": "https://registry.npmjs.org/get-primes/-/get-primes-1.0.3.tgz",
      "integrity": "sha1-01Aal775XJNXHCDPFTI+bb5ea/w="
    }
  }
}
